
Microsoft Visual Studio Solution File, Format Version 12.00
# Visual Studio Version 16
VisualStudioVersion = 16.0.30621.155
MinimumVisualStudioVersion = 10.0.40219.1
Project("{FAE04EC0-301F-11D3-BF4B-00C04F79EFBC}") = "5951071099_TranDinhThao", "5951071099_TranDinhThao\5951071099_TranDinhThao.csproj", "{D456C47E-23C2-479C-B08D-6EEB038AC407}"
EndProject
Global
	GlobalSection(SolutionConfigurationPlatforms) = preSolution
		Debug|Any CPU = Debug|Any CPU
		Release|Any CPU = Release|Any CPU
	EndGlobalSection
	GlobalSection(ProjectConfigurationPlatforms) = postSolution
		{D456C47E-23C2-479C-B08D-6EEB038AC407}.Debug|Any CPU.ActiveCfg = Debug|Any CPU
		{D456C47E-23C2-479C-B08D-6EEB038AC407}.Debug|Any CPU.Build.0 = Debug|Any CPU
		{D456C47E-23C2-479C-B08D-6EEB038AC407}.Release|Any CPU.ActiveCfg = Release|Any CPU
		{D456C47E-23C2-479C-B08D-6EEB038AC407}.Release|Any CPU.Build.0 = Release|Any CPU
	EndGlobalSection
	GlobalSection(SolutionProperties) = preSolution
		HideSolutionNode = FALSE
	EndGlobalSection
	GlobalSection(ExtensibilityGlobals) = postSolution
		SolutionGuid = {2213DA71-3BF6-4C54-83E2-4367F708EF60}
	EndGlobalSection
EndGlobal
